
Microsoft Visual Studio Solution File, Format Version 12.00
# Visual Studio Version 17
VisualStudioVersion = 17.4.33122.133
MinimumVisualStudioVersion = 10.0.40219.1
Project("{9A19103F-16F7-4668-BE54-9A1E7A4F7556}") = "MFC.CORE", "MFC.CORE\MFC.CORE.csproj", "{A5959C37-2B9F-4DC7-AD94-C599C5EC16A3}"
EndProject
Project("{9A19103F-16F7-4668-BE54-9A1E7A4F7556}") = "MFC.DAL", "MFC.DAL\MFC.DAL.csproj", "{D6F4E87F-AE79-4B67-B720-C54900358A68}"
EndProject
Project("{9A19103F-16F7-4668-BE54-9A1E7A4F7556}") = "MFC.WEB3", "MFC.WEB3\MFC.WEB3.csproj", "{6A3703F8-C246-4BF1-ADC2-093F420DCC4F}"
EndProject
Project("{9A19103F-16F7-4668-BE54-9A1E7A4F7556}") = "MFC.ADMIN", "MFC.ADMIN\MFC.ADMIN.csproj", "{5A06A674-5D66-4904-8008-36F5A4B2320C}"
EndProject
Project("{9A19103F-16F7-4668-BE54-9A1E7A4F7556}") = "MFC.SHARED", "MFC.SHARED\MFC.SHARED.csproj", "{756315D0-97EE-46CD-A8F4-678FA9A97ABF}"
EndProject
Project("{9A19103F-16F7-4668-BE54-9A1E7A4F7556}") = "UnitTests", "UnitTests\UnitTests.csproj", "{02C50D58-B75C-4CF7-BC90-F9420C96E86A}"
EndProject
Project("{2150E333-8FDC-42A3-9474-1A3956D46DE8}") = "Api", "Api", "{B9526DE1-9A03-47A2-9F6C-1913723AD4D0}"
EndProject
Global
	GlobalSection(SolutionConfigurationPlatforms) = preSolution
		Debug|Any CPU = Debug|Any CPU
		Release|Any CPU = Release|Any CPU
	EndGlobalSection
	GlobalSection(ProjectConfigurationPlatforms) = postSolution
		{A5959C37-2B9F-4DC7-AD94-C599C5EC16A3}.Debug|Any CPU.ActiveCfg = Debug|Any CPU
		{A5959C37-2B9F-4DC7-AD94-C599C5EC16A3}.Debug|Any CPU.Build.0 = Debug|Any CPU
		{A5959C37-2B9F-4DC7-AD94-C599C5EC16A3}.Release|Any CPU.ActiveCfg = Release|Any CPU
		{A5959C37-2B9F-4DC7-AD94-C599C5EC16A3}.Release|Any CPU.Build.0 = Release|Any CPU
		{D6F4E87F-AE79-4B67-B720-C54900358A68}.Debug|Any CPU.ActiveCfg = Debug|Any CPU
		{D6F4E87F-AE79-4B67-B720-C54900358A68}.Debug|Any CPU.Build.0 = Debug|Any CPU
		{D6F4E87F-AE79-4B67-B720-C54900358A68}.Release|Any CPU.ActiveCfg = Release|Any CPU
		{D6F4E87F-AE79-4B67-B720-C54900358A68}.Release|Any CPU.Build.0 = Release|Any CPU
		{6A3703F8-C246-4BF1-ADC2-093F420DCC4F}.Debug|Any CPU.ActiveCfg = Debug|Any CPU
		{6A3703F8-C246-4BF1-ADC2-093F420DCC4F}.Debug|Any CPU.Build.0 = Debug|Any CPU
		{6A3703F8-C246-4BF1-ADC2-093F420DCC4F}.Release|Any CPU.ActiveCfg = Release|Any CPU
		{6A3703F8-C246-4BF1-ADC2-093F420DCC4F}.Release|Any CPU.Build.0 = Release|Any CPU
		{5A06A674-5D66-4904-8008-36F5A4B2320C}.Debug|Any CPU.ActiveCfg = Debug|Any CPU
		{5A06A674-5D66-4904-8008-36F5A4B2320C}.Debug|Any CPU.Build.0 = Debug|Any CPU
		{5A06A674-5D66-4904-8008-36F5A4B2320C}.Release|Any CPU.ActiveCfg = Release|Any CPU
		{5A06A674-5D66-4904-8008-36F5A4B2320C}.Release|Any CPU.Build.0 = Release|Any CPU
		{756315D0-97EE-46CD-A8F4-678FA9A97ABF}.Debug|Any CPU.ActiveCfg = Debug|Any CPU
		{756315D0-97EE-46CD-A8F4-678FA9A97ABF}.Debug|Any CPU.Build.0 = Debug|Any CPU
		{756315D0-97EE-46CD-A8F4-678FA9A97ABF}.Release|Any CPU.ActiveCfg = Release|Any CPU
		{756315D0-97EE-46CD-A8F4-678FA9A97ABF}.Release|Any CPU.Build.0 = Release|Any CPU
		{02C50D58-B75C-4CF7-BC90-F9420C96E86A}.Debug|Any CPU.ActiveCfg = Debug|Any CPU
		{02C50D58-B75C-4CF7-BC90-F9420C96E86A}.Debug|Any CPU.Build.0 = Debug|Any CPU
		{02C50D58-B75C-4CF7-BC90-F9420C96E86A}.Release|Any CPU.ActiveCfg = Release|Any CPU
		{02C50D58-B75C-4CF7-BC90-F9420C96E86A}.Release|Any CPU.Build.0 = Release|Any CPU
	EndGlobalSection
	GlobalSection(SolutionProperties) = preSolution
		HideSolutionNode = FALSE
	EndGlobalSection
	GlobalSection(NestedProjects) = preSolution
		{6A3703F8-C246-4BF1-ADC2-093F420DCC4F} = {B9526DE1-9A03-47A2-9F6C-1913723AD4D0}
		{5A06A674-5D66-4904-8008-36F5A4B2320C} = {B9526DE1-9A03-47A2-9F6C-1913723AD4D0}
	EndGlobalSection
	GlobalSection(ExtensibilityGlobals) = postSolution
		SolutionGuid = {F3A30ED6-5A9C-4452-87BB-15D75ED249CA}
	EndGlobalSection
EndGlobal
